hash: 54d17d9dcf3490eb85233b4c41d289e80191a49d1b5f889167e71f0d397bb096
updated: 2018-07-20T03:10:33.226555217+02:00
imports:
- name: github.com/alecthomas/kingpin
  version: a39589180ebd6bbf43076e514b55f20a95d43086
- name: github.com/alecthomas/template
  version: a0175ee3bccc567396460bf5acd36800cb10c49c
  subpackages:
  - parse
- name: github.com/alecthomas/units
  version: 2efee857e7cfd4f3d0138cc3cbb1b4966962b93a
- name: github.com/cactus/go-statsd-client
  version: 5e3c483eb9321a69283f0bb517894e46c108b88b
  subpackages:
  - statsd
- name: github.com/davecgh/go-spew
  version: 8991bc29aa16c548c550c7ff78260e27b9ab7c73
  subpackages:
  - spew
- name: github.com/golang/mock
  version: c34cdb4725f4c3844d095133c6e40e448b86589b
  subpackages:
  - gomock
- name: github.com/klauspost/compress
  version: b939724e787a27c0005cabe3f78e7ed7987ac74f
  subpackages:
  - flate
  - gzip
  - zlib
- name: github.com/klauspost/cpuid
  version: e7e905edc00ea8827e58662220139109efea09db
- name: github.com/percona/pmgo
  version: 497d06e28f910fbe26d5d60f59d36284a6901c6f
  subpackages:
  - pmgomock
- name: github.com/pmezard/go-difflib
  version: 792786c7400a136282c1664665ae0a8db921c6c2
  subpackages:
  - difflib
- name: github.com/Robpol86/logrus-custom-formatter
  version: 9eff901af4a98a8b64de31b7d0a01ff7dd12b6c7
  repo: https://github.com/timvaillancourt/logrus-custom-formatter
- name: github.com/scullxbones/mgo-statsd
  version: 80350e71822057dec1b2f7a63276e2da510c7384
  subpackages:
  - .
- name: github.com/sirupsen/logrus
  version: ea8897e79973357ba785ac2533559a6297e83c44
- name: github.com/stretchr/objx
  version: d1e4838ff99bdc9b78118344a62885513e090da5
- name: github.com/stretchr/testify
  version: c679ae2cc0cb27ec3293fea7e254e47386f05d69
  subpackages:
  - assert
  - mock
- name: github.com/timvaillancourt/go-mongodb-config
  version: 35160f1fd66597e2cc988e89c3679900bd60d788
  subpackages:
  - config
- name: github.com/timvaillancourt/go-mongodb-replset
  version: bb1351c879637ab0900e7a124597038301b4cbd8
  subpackages:
  - config
  - status
- name: github.com/valyala/bytebufferpool
  version: e746df99fe4a3986f4d4f79e13c1e0117ce9c2f7
- name: github.com/valyala/fasthttp
  version: e5f51c11919d4f66400334047b897ef0a94c6f3c
  subpackages:
  - fasthttputil
  - stackless
- name: github.com/vharitonsky/iniflags
  version: a33cd0b5f3de9ef5e89c90ab2f1ebe3f71ad1ece
- name: golang.org/x/crypto
  version: ab813273cd59e1333f7ae7bff5d027d4aadf528c
  subpackages:
  - ssh/terminal
- name: golang.org/x/net
  version: dfa909b99c79129e1100513e5cd36307665e5723
  subpackages:
  - context
- name: golang.org/x/sys
  version: c11f84a56e43e20a78cee75a7c034031ecf57d1f
  subpackages:
  - unix
  - windows
- name: gopkg.in/mgo.v2
  version: 3f83fa5005286a7fe593b055f0d7771a7dce4655
  subpackages:
  - bson
  - dbtest
  - internal/json
  - internal/sasl
  - internal/scram
- name: gopkg.in/tomb.v2
  version: d5d1b5820637886def9eef33e03a27a9f166942c
- name: gopkg.in/yaml.v2
  version: 5420a8b6744d3b0345ab293f6fcba19c978f1183
testImports:
- name: github.com/mitchellh/go-ps
  version: 4fdf99ab29366514c69ccccddab5dc58b8d84062
