hash: 20accf488258e518ddee5955de96fd14b7fd375cf42f14a976466816927e8c5d
updated: 2018-09-26T19:38:12.243867083+02:00
imports:
- name: github.com/alecthomas/kingpin
  version: 947dcec5ba9c011838740e680966fd7087a71d0d
- name: github.com/alecthomas/template
  version: a0175ee3bccc567396460bf5acd36800cb10c49c
  subpackages:
  - parse
- name: github.com/alecthomas/units
  version: 2efee857e7cfd4f3d0138cc3cbb1b4966962b93a
- name: github.com/beorn7/perks
  version: 3a771d992973f24aa725d07868b467d1ddfceafb
  subpackages:
  - quantile
- name: github.com/cactus/go-statsd-client
  version: 5e3c483eb9321a69283f0bb517894e46c108b88b
  subpackages:
  - statsd
- name: github.com/davecgh/go-spew
  version: d8f796af33cc11cb798c1aaeb27a4ebc5099927d
  subpackages:
  - spew
- name: github.com/golang/mock
  version: 600781dde9cca80734169b9e969d9054ccc57937
  subpackages:
  - gomock
- name: github.com/golang/protobuf
  version: b27b920f9e71b439b873b17bf99f56467623814a
  subpackages:
  - proto
- name: github.com/klauspost/compress
  version: b50017755d442260d792c34c7c43216d9ba7ffc7
  subpackages:
  - flate
  - gzip
  - zlib
- name: github.com/klauspost/cpuid
  version: e7e905edc00ea8827e58662220139109efea09db
- name: github.com/matttproud/golang_protobuf_extensions
  version: c12348ce28de40eed0136aa2b644d0ee0650e56c
  subpackages:
  - pbutil
- name: github.com/percona/pmgo
  version: 497d06e28f910fbe26d5d60f59d36284a6901c6f
  subpackages:
  - pmgomock
- name: github.com/pmezard/go-difflib
  version: 792786c7400a136282c1664665ae0a8db921c6c2
  subpackages:
  - difflib
- name: github.com/prometheus/client_golang
  version: c5b7fccd204277076155f10851dad72b76a49317
  subpackages:
  - prometheus
  - prometheus/promhttp
- name: github.com/prometheus/client_model
  version: 5c3871d89910bfb32f5fcab2aa4b9ec68e65a99f
  subpackages:
  - go
- name: github.com/prometheus/common
  version: c7de2306084e37d54b8be01f3541a8464345e9a5
  subpackages:
  - expfmt
  - internal/bitbucket.org/ww/goautoneg
  - model
- name: github.com/prometheus/procfs
  version: 05ee40e3a273f7245e8777337fc7b46e533a9a92
  subpackages:
  - internal/util
  - nfs
  - xfs
- name: github.com/Robpol86/logrus-custom-formatter
  version: 9eff901af4a98a8b64de31b7d0a01ff7dd12b6c7
  repo: https://github.com/timvaillancourt/logrus-custom-formatter
- name: github.com/scullxbones/mgo-statsd
  version: 80350e71822057dec1b2f7a63276e2da510c7384
  subpackages:
  - .
- name: github.com/sirupsen/logrus
  version: 3e01752db0189b9157070a0e1668a620f9a85da2
- name: github.com/stretchr/objx
  version: ef50b0de28773081167c97fc27cf29a0bf8b8c71
- name: github.com/stretchr/testify
  version: f35b8ab0b5a2cef36673838d662e249dd9c94686
  subpackages:
  - assert
  - mock
- name: github.com/timvaillancourt/go-mongodb-config
  version: 5a5cc09294194d910bfc30033fed3a82cb798cf1
  subpackages:
  - config
- name: github.com/timvaillancourt/go-mongodb-replset
  version: 173aaa3b66aff9a03babec116e1f5a2570b8e4be
  subpackages:
  - config
  - status
- name: github.com/valyala/bytebufferpool
  version: e746df99fe4a3986f4d4f79e13c1e0117ce9c2f7
- name: github.com/valyala/fasthttp
  version: e5f51c11919d4f66400334047b897ef0a94c6f3c
  subpackages:
  - fasthttputil
  - stackless
- name: github.com/vharitonsky/iniflags
  version: a33cd0b5f3de9ef5e89c90ab2f1ebe3f71ad1ece
- name: golang.org/x/crypto
  version: 182538f80094b6a8efaade63a8fd8e0d9d5843dd
  subpackages:
  - ssh/terminal
- name: golang.org/x/net
  version: 8a410e7b638dca158bf9e766925842f6651ff828
  subpackages:
  - context
- name: golang.org/x/sys
  version: fa5fdf94c78965f1aa8423f0cc50b8b8d728b05a
  subpackages:
  - unix
  - windows
- name: gopkg.in/mgo.v2
  version: 9856a29383ce1c59f308dd1cf0363a79b5bef6b5
  subpackages:
  - bson
  - dbtest
  - internal/json
  - internal/sasl
  - internal/scram
- name: gopkg.in/tomb.v2
  version: d5d1b5820637886def9eef33e03a27a9f166942c
- name: gopkg.in/yaml.v2
  version: 5420a8b6744d3b0345ab293f6fcba19c978f1183
testImports:
- name: github.com/mitchellh/go-ps
  version: 4fdf99ab29366514c69ccccddab5dc58b8d84062
